
Microsoft Visual Studio Solution File, Format Version 12.00
# Visual Studio Version 16
VisualStudioVersion = 16.0.30404.54
MinimumVisualStudioVersion = 10.0.40219.1
Project("{9A19103F-16F7-4668-BE54-9A1E7A4F7556}") = "dtdl2-validator", "dtdl2-validator\dtdl2-validator.csproj", "{0D2ADB5F-B979-4B16-A176-0695B2FA86BB}"
EndProject
Project("{9A19103F-16F7-4668-BE54-9A1E7A4F7556}") = "resolvers", "resolvers\resolvers.csproj", "{98FCBAA6-8593-47F8-9856-66E3BFFDA73F}"
EndProject
Project("{2150E333-8FDC-42A3-9474-1A3956D46DE8}") = "test", "test", "{91B4CF27-179A-48FD-A1A9-57BCBB21DA02}"
	ProjectSection(SolutionItems) = preProject
		test\demodevice.json = test\demodevice.json
		testExitCodes.cmd = testExitCodes.cmd
	EndProjectSection
EndProject
Project("{FAE04EC0-301F-11D3-BF4B-00C04F79EFBC}") = "resolver-tests", "test\resolver-tests\resolver-tests.csproj", "{EB0B7224-06F8-443D-8230-2EA9466E2947}"
EndProject
Global
	GlobalSection(SolutionConfigurationPlatforms) = preSolution
		Debug|Any CPU = Debug|Any CPU
		Release|Any CPU = Release|Any CPU
	EndGlobalSection
	GlobalSection(ProjectConfigurationPlatforms) = postSolution
		{0D2ADB5F-B979-4B16-A176-0695B2FA86BB}.Debug|Any CPU.ActiveCfg = Debug|Any CPU
		{0D2ADB5F-B979-4B16-A176-0695B2FA86BB}.Debug|Any CPU.Build.0 = Debug|Any CPU
		{0D2ADB5F-B979-4B16-A176-0695B2FA86BB}.Release|Any CPU.ActiveCfg = Release|Any CPU
		{0D2ADB5F-B979-4B16-A176-0695B2FA86BB}.Release|Any CPU.Build.0 = Release|Any CPU
		{98FCBAA6-8593-47F8-9856-66E3BFFDA73F}.Debug|Any CPU.ActiveCfg = Debug|Any CPU
		{98FCBAA6-8593-47F8-9856-66E3BFFDA73F}.Debug|Any CPU.Build.0 = Debug|Any CPU
		{98FCBAA6-8593-47F8-9856-66E3BFFDA73F}.Release|Any CPU.ActiveCfg = Release|Any CPU
		{98FCBAA6-8593-47F8-9856-66E3BFFDA73F}.Release|Any CPU.Build.0 = Release|Any CPU
		{EB0B7224-06F8-443D-8230-2EA9466E2947}.Debug|Any CPU.ActiveCfg = Debug|Any CPU
		{EB0B7224-06F8-443D-8230-2EA9466E2947}.Debug|Any CPU.Build.0 = Debug|Any CPU
		{EB0B7224-06F8-443D-8230-2EA9466E2947}.Release|Any CPU.ActiveCfg = Release|Any CPU
		{EB0B7224-06F8-443D-8230-2EA9466E2947}.Release|Any CPU.Build.0 = Release|Any CPU
	EndGlobalSection
	GlobalSection(SolutionProperties) = preSolution
		HideSolutionNode = FALSE
	EndGlobalSection
	GlobalSection(NestedProjects) = preSolution
		{EB0B7224-06F8-443D-8230-2EA9466E2947} = {91B4CF27-179A-48FD-A1A9-57BCBB21DA02}
	EndGlobalSection
	GlobalSection(ExtensibilityGlobals) = postSolution
		SolutionGuid = {A2946702-CC4E-419B-95A6-5E4604147C06}
	EndGlobalSection
EndGlobal
